# This file is automatically @generated by Poetry and should not be changed by hand.

[[package]]
name = "aioconsole"
version = "0.6.1"
description = "Asynchronous console and interfaces for asyncio"
category = "main"
optional = false
python-versions = ">=3.7"
files = [
    {file = "aioconsole-0.6.1-py3-none-any.whl", hash = "sha256:79da3a0a092e1fde87ee3a68d44f36d7286f3f0d7029dfa05d95c4b80ce566fd"},
    {file = "aioconsole-0.6.1.tar.gz", hash = "sha256:520313bc5d7ed6bea3baf072ce7e622479afd67c01b3fdcc076bc528da354f6f"},
]

[[package]]
name = "colorama"
version = "0.4.6"
description = "Cross-platform colored terminal text."
category = "main"
optional = false
python-versions = "!=3.0.*,!=3.1.*,!=3.2.*,!=3.3.*,!=3.4.*,!=3.5.*,!=3.6.*,>=2.7"
files = [
    {file = "colorama-0.4.6-py2.py3-none-any.whl", hash = "sha256:4f1d9991f5acc0ca119f9d443620b77f9d6b33703e51011c16baf57afb285fc6"},
    {file = "colorama-0.4.6.tar.gz", hash = "sha256:08695f5cb7ed6e0531a20572697297273c47b8cae5a63ffc6d6ed5c201be6e44"},
]

[[package]]
name = "loguru"
version = "0.6.0"
description = "Python logging made (stupidly) simple"
category = "main"
optional = false
python-versions = ">=3.5"
files = [
    {file = "loguru-0.6.0-py3-none-any.whl", hash = "sha256:4e2414d534a2ab57573365b3e6d0234dfb1d84b68b7f3b948e6fb743860a77c3"},
    {file = "loguru-0.6.0.tar.gz", hash = "sha256:066bd06758d0a513e9836fd9c6b5a75bfb3fd36841f4b996bc60b547a309d41c"},
]

[package.dependencies]
colorama = {version = ">=0.3.4", markers = "sys_platform == \"win32\""}
win32-setctime = {version = ">=1.0.0", markers = "sys_platform == \"win32\""}

[package.extras]
dev = ["Sphinx (>=4.1.1)", "black (>=19.10b0)", "colorama (>=0.3.4)", "docutils (==0.16)", "flake8 (>=3.7.7)", "isort (>=5.1.1)", "pytest (>=4.6.2)", "pytest-cov (>=2.7.1)", "sphinx-autobuild (>=0.7.1)", "sphinx-rtd-theme (>=0.4.3)", "tox (>=3.9.0)"]

[[package]]
name = "msgspec"
version = "0.14.0"
description = "A fast serialization and validation library, with builtin support for JSON, MessagePack, YAML, and TOML."
category = "main"
optional = false
python-versions = ">=3.8"
files = [
    {file = "msgspec-0.14.0-cp310-cp310-macosx_10_9_x86_64.whl", hash = "sha256:f001981317161efd31703dfe2dbccb65feba2222baedf1e1d0d3fbc4e4481d4a"},
    {file = "msgspec-0.14.0-cp310-cp310-macosx_11_0_arm64.whl", hash = "sha256:0e06dc68ccd9a456f21abf0dbcbe3d1ed00aa53f39fd01eb1f226e2e98d6e49f"},
    {file = "msgspec-0.14.0-cp310-cp310-manylinux_2_17_aarch64.manylinux2014_aarch64.whl", hash = "sha256:e497794d5df290911fa6b38682788e3ebee48ec9ed33b0ef5f1f9c2ac7011f45"},
    {file = "msgspec-0.14.0-cp310-cp310-manylinux_2_17_x86_64.manylinux2014_x86_64.whl", hash = "sha256:9a53047a5bbeb9f04e78990a2d17a2735c15744be13246e2c3a625db0941887d"},
    {file = "msgspec-0.14.0-cp310-cp310-musllinux_1_1_aarch64.whl", hash = "sha256:a7a89677eae142c155c51d87c1df73fc5333db7cff1e08af8976aeaab2c81114"},
    {file = "msgspec-0.14.0-cp310-cp310-musllinux_1_1_x86_64.whl", hash = "sha256:18a5724546fd883a575b46e26fd81d37b47b66278e89e9610a5c87aea4fdebfc"},
    {file = "msgspec-0.14.0-cp310-cp310-win_amd64.whl", hash = "sha256:f8cca6587fe94b6998151d15c05bf97bbbd4ab47ebf57b18ed49d20bb2a1713d"},
    {file = "msgspec-0.14.0-cp311-cp311-macosx_10_9_x86_64.whl", hash = "sha256:c8699dbcc1eef9496bbc0d098667a0fc19041ba1c3a74af532244a5048db19ab"},
    {file = "msgspec-0.14.0-cp311-cp311-macosx_11_0_arm64.whl", hash = "sha256:2e46843d258c3043c4807649710c20a34c37b9b91c6cd78684575f78283ec873"},
    {file = "msgspec-0.14.0-cp311-cp311-manylinux_2_17_aarch64.manylinux2014_aarch64.whl", hash = "sha256:3e29c330a183d2a015ee0edf8d4799540aec0ab9ffb14426c637cf1f121ed652"},
    {file = "msgspec-0.14.0-cp311-cp311-manylinux_2_17_x86_64.manylinux2014_x86_64.whl", hash = "sha256:89f5c94f72bed3d3b6e9252b903391fb584759d1cecb607b4788392ad264fad2"},
    {file = "msgspec-0.14.0-cp311-cp311-musllinux_1_1_aarch64.whl", hash = "sha256:86da8fdc94f0a38c188cb9f896174e0ba9bb474eb6b4c2937ef96075dcc76e52"},
    {file = "msgspec-0.14.0-cp311-cp311-musllinux_1_1_x86_64.whl", hash = "sha256:21ee98a51930ccf57a6b16b55a1049d8cc358315196aae6c621f3d93cc25714d"},
    {file = "msgspec-0.14.0-cp311-cp311-win_amd64.whl", hash = "sha256:02e5f46b3d03a0b08bbfcd0bad9595dc732b505556cd2a7f9f01ba5b3355ae7c"},
    {file = "msgspec-0.14.0-cp38-cp38-macosx_10_9_x86_64.whl", hash = "sha256:7de7ae6d69a2d08bacab29727e594220788c5a9ae6b0bd1fddd966fa70b8cc1c"},
    {file = "msgspec-0.14.0-cp38-cp38-macosx_11_0_arm64.whl", hash = "sha256:f674712b5f75bfbb45328b3953dff8df1ff50acc16468d7a7916424266af9cf5"},
    {file = "msgspec-0.14.0-cp38-cp38-manylinux_2_17_aarch64.manylinux2014_aarch64.whl", hash = "sha256:4b59025a865120703a3e51da79f7ff50aee674003317d3046352f806fd5e7d28"},
    {file = "msgspec-0.14.0-cp38-cp38-manylinux_2_17_x86_64.manylinux2014_x86_64.whl", hash = "sha256:6866a184a408d40d1098ff922b9592beca53ae9b90495f34ebb78a2d23a47dac"},
    {file = "msgspec-0.14.0-cp38-cp38-musllinux_1_1_aarch64.whl", hash = "sha256:f972fc150f5a397e4df9aa369a21b3cc733d588855aa27d603977463cd50c983"},
    {file = "msgspec-0.14.0-cp38-cp38-musllinux_1_1_x86_64.whl", hash = "sha256:b3d0433dbf09a1ed8b197d0809d513c5f11de62cca50b1b9ac2b6d72e602ab4e"},
    {file = "msgspec-0.14.0-cp38-cp38-win_amd64.whl", hash = "sha256:e8da19d4a46f3fde25e2c32e798785716df873d29a4ca763d8becf3715c20efc"},
    {file = "msgspec-0.14.0-cp39-cp39-macosx_10_9_x86_64.whl", hash = "sha256:8b4798f9ff27aea6cc4edf072ec735c95e42a9ba499fef0120f09c52dfc469cd"},
    {file = "msgspec-0.14.0-cp39-cp39-macosx_11_0_arm64.whl", hash = "sha256:1431df375e36f678d0d9b802c1792c904e70c315002c08ecf85ff1007cabcdb7"},
    {file = "msgspec-0.14.0-cp39-cp39-manylinux_2_17_aarch64.manylinux2014_aarch64.whl", hash = "sha256:15d910a223737735196297dd4d26b54679e2ac2b95beaef3837ff918a13be7db"},
    {file = "msgspec-0.14.0-cp39-cp39-manylinux_2_17_x86_64.manylinux2014_x86_64.whl", hash = "sha256:6d8b4969739f60fc3751e1c73c4cf31f061654a00b452675cbb22ea99f06c2df"},
    {file = "msgspec-0.14.0-cp39-cp39-musllinux_1_1_aarch64.whl", hash = "sha256:a8fee0ffa0753f632cd94fa304a2e9ca9c92f9695fdb2ea160ac048dc278d008"},
    {file = "msgspec-0.14.0-cp39-cp39-musllinux_1_1_x86_64.whl", hash = "sha256:a15d07d9daeb7daad32b19c194913452ba14748a37d230bcee45e118767b7b8e"},
    {file = "msgspec-0.14.0-cp39-cp39-win_amd64.whl", hash = "sha256:f0f178d36eb91ba99003bd5e0bae4c1cb834f0d86b4ae9b5a8e88d4ef544ba86"},
    {file = "msgspec-0.14.0.tar.gz", hash = "sha256:eef6506652f6d5968371ab3ed70895dcea39207246feb83e386640289d7d129f"},
]

[package.extras]
dev = ["attrs", "coverage", "furo", "gcovr", "ipython", "msgpack", "mypy", "pre-commit", "pyright", "pytest", "pyyaml", "sphinx", "sphinx-copybutton", "sphinx-design", "tomli", "tomli-w"]
doc = ["furo", "ipython", "sphinx", "sphinx-copybutton", "sphinx-design"]
test = ["attrs", "msgpack", "mypy", "pyright", "pytest", "pyyaml", "tomli", "tomli-w"]
toml = ["tomli", "tomli-w"]
yaml = ["pyyaml"]

[[package]]
name = "typing-extensions"
version = "4.5.0"
description = "Backported and Experimental Type Hints for Python 3.7+"
category = "main"
optional = false
python-versions = ">=3.7"
files = [
    {file = "typing_extensions-4.5.0-py3-none-any.whl", hash = "sha256:fb33085c39dd998ac16d1431ebc293a8b3eedd00fd4a32de0ff79002c19511b4"},
    {file = "typing_extensions-4.5.0.tar.gz", hash = "sha256:5cb5f4a79139d699607b3ef622a1dedafa84e115ab0024e0d9c044a9479ca7cb"},
]

[[package]]
name = "win32-setctime"
version = "1.1.0"
description = "A small Python utility to set file creation time on Windows"
category = "main"
optional = false
python-versions = ">=3.5"
files = [
    {file = "win32_setctime-1.1.0-py3-none-any.whl", hash = "sha256:231db239e959c2fe7eb1d7dc129f11172354f98361c4fa2d6d2d7e278baa8aad"},
    {file = "win32_setctime-1.1.0.tar.gz", hash = "sha256:15cf5750465118d6929ae4de4eb46e8edae9a5634350c01ba582df868e932cb2"},
]

[package.extras]
dev = ["black (>=19.3b0)", "pytest (>=4.6.2)"]

[metadata]
lock-version = "2.0"
python-versions = "^3.10"
content-hash = "63fa938f124f1f63c50dd75b19c938c48676ad430a223c1808834ad03aae2c50"
